[[dependencies]]
name = "forge-std"
version = "1.16.2"
url = "https://soldeer-revisions.s3.amazonaws.com/forge-std/1_16_2_03-07-2026_07:37:45_forge-std-1.16.zip"
checksum = "405dccc9d60d753f6abc412b4adf0359f4390f65dbadbbb277a12b4946ed8969"
integrity = "5fb4325b60d7d4194bd0481e2f94398cf1d9c6561dd12a66fb2748ef4a68205f"

[[dependencies]]
name = "rain-solmem"
version = "0.1.26"
url = "https://soldeer-revisions.s3.amazonaws.com/rain-solmem/0_1_26_18-08-2026_16:20:17_rain.zip"
checksum = "291a0acf805b8acd65dfb9e848e6670bde158120bb5b0bcdeeaf17c4084a134c"
integrity = "54e56c1b10d05df72c1c3dcc8df92b99b9f01cd946363158b077c779ce4d20fa"
