[[dependencies]]
name = "forge-std"
version = "1.16.2"
url = "https://soldeer-revisions.s3.amazonaws.com/forge-std/1_16_2_03-07-2026_07:37:45_forge-std-1.16.zip"
checksum = "405dccc9d60d753f6abc412b4adf0359f4390f65dbadbbb277a12b4946ed8969"
integrity = "5fb4325b60d7d4194bd0481e2f94398cf1d9c6561dd12a66fb2748ef4a68205f"

[[dependencies]]
name = "rain-solmem"
version = "0.1.28"
url = "https://soldeer-revisions.s3.amazonaws.com/rain-solmem/0_1_28_03-09-2026_07:34:16_rain.zip"
checksum = "3dafbef001edb181683a43c3c295e3f88e2ffcedd751e986562e71e29560c9f0"
integrity = "e7508cd81a998a67118a0fca314d504dc62850d6b535d29c824f696f214e4b23"
