[[dependencies]]
name = "forge-std"
version = "1.16.1"
url = "https://soldeer-revisions.s3.amazonaws.com/forge-std/1_16_1_08-05-2026_08:51:16_forge-std-1.16.zip"
checksum = "839b61832925c7152c7b6dffbfa4998d9e606211179bd8f604733124e8a7cb57"
integrity = "60e55d10150354ca4a1e2985c5456c834b92b82ef85ab0e1d92a7786cddbd219"

[[dependencies]]
name = "rain-solmem"
version = "0.1.26"
url = "https://soldeer-revisions.s3.amazonaws.com/rain-solmem/0_1_26_18-08-2026_16:20:17_rain.zip"
checksum = "291a0acf805b8acd65dfb9e848e6670bde158120bb5b0bcdeeaf17c4084a134c"
integrity = "54e56c1b10d05df72c1c3dcc8df92b99b9f01cd946363158b077c779ce4d20fa"
